{
  "name": "NODE",
  "lockfileVersion": 3,
  "requires": true,
  "packages": {
    "": {
      "dependencies": {
        "arithmetic.js": "^1.0.4",
        "uppercase-first": "^1.0.1"
      }
    },
    "node_modules/arithmetic.js": {
      "version": "1.0.4",
      "resolved": "https://registry.npmjs.org/arithmetic.js/-/arithmetic.js-1.0.4.tgz",
      "integrity": "sha512-YLClhtg02+NwBZHY0RuJa2YJj1cbaOhmYBPemuLMGdYd4Ti8k852aYXDJRdJf+d1keQmdfULhj2ZJs+terN82g=="
    },
    "node_modules/uppercase-first": {
      "version": "1.0.1",
      "resolved": "https://registry.npmjs.org/uppercase-first/-/uppercase-first-1.0.1.tgz",
      "integrity": "sha512-e1jEDZBPK8HtoJXLIzudSMPx5BSdmRQYAlD+rzWhibHLIqG1brvyjn+W/K3+JBfo4fJ7qoxKzfKnd87OU7M4pA=="
    }
  }
}
